
Microsoft Visual Studio Solution File, Format Version 12.00
# Visual Studio Version 16
VisualStudioVersion = 16.0.29230.47
MinimumVisualStudioVersion = 10.0.40219.1
Project("{FAE04EC0-301F-11D3-BF4B-00C04F79EFBC}") = "AraysAndLists", "AraysAndLists\AraysAndLists.csproj", "{2DA89391-AE7C-4674-9D1D-C0ED29C22A11}"
EndProject
Project("{FAE04EC0-301F-11D3-BF4B-00C04F79EFBC}") = "Stack and Que", "Stack and Que\Stack and Que.csproj", "{8D3D56F3-36A8-4124-8FCA-BE132CD37DC4}"
EndProject
Project("{FAE04EC0-301F-11D3-BF4B-00C04F79EFBC}") = "Dictionary", "Dictionary\Dictionary.csproj", "{17648509-C991-4EBD-8B6F-A4DA83B2EB4C}"
EndProject
Project("{FAE04EC0-301F-11D3-BF4B-00C04F79EFBC}") = "Linked List", "Linked List\Linked List.csproj", "{396144F0-A838-465E-A5E8-36819F5414DE}"
EndProject
Global
	GlobalSection(SolutionConfigurationPlatforms) = preSolution
		Debug|Any CPU = Debug|Any CPU
		Release|Any CPU = Release|Any CPU
	EndGlobalSection
	GlobalSection(ProjectConfigurationPlatforms) = postSolution
		{2DA89391-AE7C-4674-9D1D-C0ED29C22A11}.Debug|Any CPU.ActiveCfg = Debug|Any CPU
		{2DA89391-AE7C-4674-9D1D-C0ED29C22A11}.Debug|Any CPU.Build.0 = Debug|Any CPU
		{2DA89391-AE7C-4674-9D1D-C0ED29C22A11}.Release|Any CPU.ActiveCfg = Release|Any CPU
		{2DA89391-AE7C-4674-9D1D-C0ED29C22A11}.Release|Any CPU.Build.0 = Release|Any CPU
		{8D3D56F3-36A8-4124-8FCA-BE132CD37DC4}.Debug|Any CPU.ActiveCfg = Debug|Any CPU
		{8D3D56F3-36A8-4124-8FCA-BE132CD37DC4}.Debug|Any CPU.Build.0 = Debug|Any CPU
		{8D3D56F3-36A8-4124-8FCA-BE132CD37DC4}.Release|Any CPU.ActiveCfg = Release|Any CPU
		{8D3D56F3-36A8-4124-8FCA-BE132CD37DC4}.Release|Any CPU.Build.0 = Release|Any CPU
		{17648509-C991-4EBD-8B6F-A4DA83B2EB4C}.Debug|Any CPU.ActiveCfg = Debug|Any CPU
		{17648509-C991-4EBD-8B6F-A4DA83B2EB4C}.Debug|Any CPU.Build.0 = Debug|Any CPU
		{17648509-C991-4EBD-8B6F-A4DA83B2EB4C}.Release|Any CPU.ActiveCfg = Release|Any CPU
		{17648509-C991-4EBD-8B6F-A4DA83B2EB4C}.Release|Any CPU.Build.0 = Release|Any CPU
		{396144F0-A838-465E-A5E8-36819F5414DE}.Debug|Any CPU.ActiveCfg = Debug|Any CPU
		{396144F0-A838-465E-A5E8-36819F5414DE}.Debug|Any CPU.Build.0 = Debug|Any CPU
		{396144F0-A838-465E-A5E8-36819F5414DE}.Release|Any CPU.ActiveCfg = Release|Any CPU
		{396144F0-A838-465E-A5E8-36819F5414DE}.Release|Any CPU.Build.0 = Release|Any CPU
	EndGlobalSection
	GlobalSection(SolutionProperties) = preSolution
		HideSolutionNode = FALSE
	EndGlobalSection
	GlobalSection(ExtensibilityGlobals) = postSolution
		SolutionGuid = {A8B07D92-68D3-4377-9367-0B6D96EC1891}
	EndGlobalSection
EndGlobal
